# THIS IS AN AUTOGENERATED FILE. DO NOT EDIT THIS FILE DIRECTLY.
# yarn lockfile v1
dexie:
  version "1.5.1"
  resolved "https://registry.yarnpkg.com/dexie/-/dexie-1.5.1.tgz#ac3ad5a0ebaf7e6e42760db58710418d4a756624"

material-design-lite:
  version "1.2.1"
  resolved "https://registry.yarnpkg.com/material-design-lite/-/material-design-lite-1.2.1.tgz#09e5caab2575af8ee21b2630bff175c5a822c662"

